// !$*UTF8*$!
{
	archiveVersion = 1;
	classes = {
	};
	objectVersion = 46;
	objects = {

/* Begin PBXBuildFile section */
		3FFE775D1A6F089500E309C2 /* main.m in Sources */ = {isa = PBXBuildFile; fileRef = 3FFE775C1A6F089500E309C2 /* main.m */; };
		3FFE77601A6F089500E309C2 /* AppDelegate.m in Sources */ = {isa = PBXBuildFile; fileRef = 3FFE775F1A6F089500E309C2 /* AppDelegate.m */; };
		3FFE77631A6F089500E309C2 /* ViewController.m in Sources */ = {isa = PBXBuildFile; fileRef = 3FFE77621A6F089500E309C2 /* ViewController.m */; };
		3FFE77661A6F089500E309C2 /* Main.storyboard in Resources */ = {isa = PBXBuildFile; fileRef = 3FFE77641A6F089500E309C2 /* Main.storyboard */; };
		3FFE77681A6F089500E309C2 /* Images.xcassets in Resources */ = {isa = PBXBuildFile; fileRef = 3FFE77671A6F089500E309C2 /* Images.xcassets */; };
		3FFE776B1A6F089500E309C2 /* LaunchScreen.xib in Resources */ = {isa = PBXBuildFile; fileRef = 3FFE77691A6F089500E309C2 /* LaunchScreen.xib */; };
		3FFE77771A6F089500E309C2 /* surveyAppTests.m in Sources */ = {isa = PBXBuildFile; fileRef = 3FFE77761A6F089500E309C2 /* surveyAppTests.m */; };
		3FFE77811A6F099000E309C2 /* dist in Resources */ = {isa = PBXBuildFile; fileRef = 3FFE77801A6F099000E309C2 /* dist */; };
/* End PBXBuildFile section */

/* Begin PBXContainerItemProxy section */
		3FFE77711A6F089500E309C2 /* PBXContainerItemProxy */ = {
			isa = PBXContainerItemProxy;
			containerPortal = 3FFE774F1A6F089400E309C2 /* Project object */;
			proxyType = 1;
			remoteGlobalIDString = 3FFE77561A6F089400E309C2;
			remoteInfo = surveyApp;
		};
/* End PBXContainerItemProxy section */

/* Begin PBXFileReference section */
		3FFE77571A6F089500E309C2 /* surveyApp.app */ = {isa = PBXFileReference; explicitFileType = wrapper.application; includeInIndex = 0; path = surveyApp.app; sourceTree = BUILT_PRODUCTS_DIR; };
		3FFE775B1A6F089500E309C2 /* Info.plist */ = {isa = PBXFileReference; lastKnownFileType = text.plist.xml; path = Info.plist; sourceTree = "<group>"; };
		3FFE775C1A6F089500E309C2 /* main.m */ = {isa = PBXFileReference; lastKnownFileType = sourcecode.c.objc; path = main.m; sourceTree = "<group>"; };
		3FFE775E1A6F089500E309C2 /* AppDelegate.h */ = {isa = PBXFileReference; lastKnownFileType = sourcecode.c.h; path = AppDelegate.h; sourceTree = "<group>"; };
		3FFE775F1A6F089500E309C2 /* AppDelegate.m */ = {isa = PBXFileReference; lastKnownFileType = sourcecode.c.objc; path = AppDelegate.m; sourceTree = "<group>"; };
		3FFE77611A6F089500E309C2 /* ViewController.h */ = {isa = PBXFileReference; lastKnownFileType = sourcecode.c.h; path = ViewController.h; sourceTree = "<group>"; };
		3FFE77621A6F089500E309C2 /* ViewController.m */ = {isa = PBXFileReference; lastKnownFileType = sourcecode.c.objc; path = ViewController.m; sourceTree = "<group>"; };
		3FFE77651A6F089500E309C2 /* Base */ = {isa = PBXFileReference; lastKnownFileType = file.storyboard; name = Base; path = Base.lproj/Main.storyboard; sourceTree = "<group>"; };
		3FFE77671A6F089500E309C2 /* Images.xcassets */ = {isa = PBXFileReference; lastKnownFileType = folder.assetcatalog; path = Images.xcassets; sourceTree = "<group>"; };
		3FFE776A1A6F089500E309C2 /* Base */ = {isa = PBXFileReference; lastKnownFileType = file.xib; name = Base; path = Base.lproj/LaunchScreen.xib; sourceTree = "<group>"; };
		3FFE77701A6F089500E309C2 /* surveyAppTests.xctest */ = {isa = PBXFileReference; explicitFileType = wrapper.cfbundle; includeInIndex = 0; path = surveyAppTests.xctest; sourceTree = BUILT_PRODUCTS_DIR; };
		3FFE77751A6F089500E309C2 /* Info.plist */ = {isa = PBXFileReference; lastKnownFileType = text.plist.xml; path = Info.plist; sourceTree = "<group>"; };
		3FFE77761A6F089500E309C2 /* surveyAppTests.m */ = {isa = PBXFileReference; lastKnownFileType = sourcecode.c.objc; path = surveyAppTests.m; sourceTree = "<group>"; };
		3FFE77801A6F099000E309C2 /* dist */ = {isa = PBXFileReference; lastKnownFileType = folder; path = dist; sourceTree = "<group>"; };
/* End PBXFileReference section */

/* Begin PBXFrameworksBuildPhase section */
		3FFE77541A6F089400E309C2 /* Frameworks */ = {
			isa = PBXFrameworksBuildPhase;
			buildActionMask = 2147483647;
			files = (
			);
			runOnlyForDeploymentPostprocessing = 0;
		};
		3FFE776D1A6F089500E309C2 /* Frameworks */ = {
			isa = PBXFrameworksBuildPhase;
			buildActionMask = 2147483647;
			files = (
			);
			runOnlyForDeploymentPostprocessing = 0;
		};
/* End PBXFrameworksBuildPhase section */

/* Begin PBXGroup section */
		3FFE774E1A6F089400E309C2 = {
			isa = PBXGroup;
			children = (
				3FFE77591A6F089500E309C2 /* surveyApp */,
				3FFE77731A6F089500E309C2 /* surveyAppTests */,
				3FFE77581A6F089500E309C2 /* Products */,
			);
			sourceTree = "<group>";
		};
		3FFE77581A6F089500E309C2 /* Products */ = {
			isa = PBXGroup;
			children = (
				3FFE77571A6F089500E309C2 /* surveyApp.app */,
				3FFE77701A6F089500E309C2 /* surveyAppTests.xctest */,
			);
			name = Products;
			sourceTree = "<group>";
		};
		3FFE77591A6F089500E309C2 /* surveyApp */ = {
			isa = PBXGroup;
			children = (
				3FFE775E1A6F089500E309C2 /* AppDelegate.h */,
				3FFE775F1A6F089500E309C2 /* AppDelegate.m */,
				3FFE77611A6F089500E309C2 /* ViewController.h */,
				3FFE77621A6F089500E309C2 /* ViewController.m */,
				3FFE77641A6F089500E309C2 /* Main.storyboard */,
				3FFE77671A6F089500E309C2 /* Images.xcassets */,
				3FFE77691A6F089500E309C2 /* LaunchScreen.xib */,
				3FFE775A1A6F089500E309C2 /* Supporting Files */,
			);
			path = surveyApp;
			sourceTree = "<group>";
		};
		3FFE775A1A6F089500E309C2 /* Supporting Files */ = {
			isa = PBXGroup;
			children = (
				3FFE77801A6F099000E309C2 /* dist */,
				3FFE775B1A6F089500E309C2 /* Info.plist */,
				3FFE775C1A6F089500E309C2 /* main.m */,
			);
			name = "Supporting Files";
			sourceTree = "<group>";
		};
		3FFE77731A6F089500E309C2 /* surveyAppTests */ = {
			isa = PBXGroup;
			children = (
				3FFE77761A6F089500E309C2 /* surveyAppTests.m */,
				3FFE77741A6F089500E309C2 /* Supporting Files */,
			);
			path = surveyAppTests;
			sourceTree = "<group>";
		};
		3FFE77741A6F089500E309C2 /* Supporting Files */ = {
			isa = PBXGroup;
			children = (
				3FFE77751A6F089500E309C2 /* Info.plist */,
			);
			name = "Supporting Files";
			sourceTree = "<group>";
		};
/* End PBXGroup section */

/* Begin PBXNativeTarget section */
		3FFE77561A6F089400E309C2 /* surveyApp */ = {
			isa = PBXNativeTarget;
			buildConfigurationList = 3FFE777A1A6F089500E309C2 /* Build configuration list for PBXNativeTarget "surveyApp" */;
			buildPhases = (
				3FFE77531A6F089400E309C2 /* Sources */,
				3FFE77541A6F089400E309C2 /* Frameworks */,
				3FFE77551A6F089400E309C2 /* Resources */,
			);
			buildRules = (
			);
			dependencies = (
			);
			name = surveyApp;
			productName = surveyApp;
			productReference = 3FFE77571A6F089500E309C2 /* surveyApp.app */;
			productType = "com.apple.product-type.application";
		};
		3FFE776F1A6F089500E309C2 /* surveyAppTests */ = {
			isa = PBXNativeTarget;
			buildConfigurationList = 3FFE777D1A6F089500E309C2 /* Build configuration list for PBXNativeTarget "surveyAppTests" */;
			buildPhases = (
				3FFE776C1A6F089500E309C2 /* Sources */,
				3FFE776D1A6F089500E309C2 /* Frameworks */,
				3FFE776E1A6F089500E309C2 /* Resources */,
			);
			buildRules = (
			);
			dependencies = (
				3FFE77721A6F089500E309C2 /* PBXTargetDependency */,
			);
			name = surveyAppTests;
			productName = surveyAppTests;
			productReference = 3FFE77701A6F089500E309C2 /* surveyAppTests.xctest */;
			productType = "com.apple.product-type.bundle.unit-test";
		};
/* End PBXNativeTarget section */

/* Begin PBXProject section */
		3FFE774F1A6F089400E309C2 /* Project object */ = {
			isa = PBXProject;
			attributes = {
				LastUpgradeCheck = 0610;
				ORGANIZATIONNAME = ASU;
				TargetAttributes = {
					3FFE77561A6F089400E309C2 = {
						CreatedOnToolsVersion = 6.1.1;
					};
					3FFE776F1A6F089500E309C2 = {
						CreatedOnToolsVersion = 6.1.1;
						TestTargetID = 3FFE77561A6F089400E309C2;
					};
				};
			};
			buildConfigurationList = 3FFE77521A6F089400E309C2 /* Build configuration list for PBXProject "surveyApp" */;
			compatibilityVersion = "Xcode 3.2";
			developmentRegion = English;
			hasScannedForEncodings = 0;
			knownRegions = (
				en,
				Base,
			);
			mainGroup = 3FFE774E1A6F089400E309C2;
			productRefGroup = 3FFE77581A6F089500E309C2 /* Products */;
			projectDirPath = "";
			projectRoot = "";
			targets = (
				3FFE77561A6F089400E309C2 /* surveyApp */,
				3FFE776F1A6F089500E309C2 /* surveyAppTests */,
			);
		};
/* End PBXProject section */

/* Begin PBXResourcesBuildPhase section */
		3FFE77551A6F089400E309C2 /* Resources */ = {
			isa = PBXResourcesBuildPhase;
			buildActionMask = 2147483647;
			files = (
				3FFE77811A6F099000E309C2 /* dist in Resources */,
				3FFE77661A6F089500E309C2 /* Main.storyboard in Resources */,
				3FFE776B1A6F089500E309C2 /* LaunchScreen.xib in Resources */,
				3FFE77681A6F089500E309C2 /* Images.xcassets in Resources */,
			);
			runOnlyForDeploymentPostprocessing = 0;
		};
		3FFE776E1A6F089500E309C2 /* Resources */ = {
			isa = PBXResourcesBuildPhase;
			buildActionMask = 2147483647;
			files = (
			);
			runOnlyForDeploymentPostprocessing = 0;
		};
/* End PBXResourcesBuildPhase section */

/* Begin PBXSourcesBuildPhase section */
		3FFE77531A6F089400E309C2 /* Sources */ = {
			isa = PBXSourcesBuildPhase;
			buildActionMask = 2147483647;
			files = (
				3FFE77631A6F089500E309C2 /* ViewController.m in Sources */,
				3FFE77601A6F089500E309C2 /* AppDelegate.m in Sources */,
				3FFE775D1A6F089500E309C2 /* main.m in Sources */,
			);
			runOnlyForDeploymentPostprocessing = 0;
		};
		3FFE776C1A6F089500E309C2 /* Sources */ = {
			isa = PBXSourcesBuildPhase;
			buildActionMask = 2147483647;
			files = (
				3FFE77771A6F089500E309C2 /* surveyAppTests.m in Sources */,
			);
			runOnlyForDeploymentPostprocessing = 0;
		};
/* End PBXSourcesBuildPhase section */

/* Begin PBXTargetDependency section */
		3FFE77721A6F089500E309C2 /* PBXTargetDependency */ = {
			isa = PBXTargetDependency;
			target = 3FFE77561A6F089400E309C2 /* surveyApp */;
			targetProxy = 3FFE77711A6F089500E309C2 /* PBXContainerItemProxy */;
		};
/* End PBXTargetDependency section */

/* Begin PBXVariantGroup section */
		3FFE77641A6F089500E309C2 /* Main.storyboard */ = {
			isa = PBXVariantGroup;
			children = (
				3FFE77651A6F089500E309C2 /* Base */,
			);
			name = Main.storyboard;
			sourceTree = "<group>";
		};
		3FFE77691A6F089500E309C2 /* LaunchScreen.xib */ = {
			isa = PBXVariantGroup;
			children = (
				3FFE776A1A6F089500E309C2 /* Base */,
			);
			name = LaunchScreen.xib;
			sourceTree = "<group>";
		};
/* End PBXVariantGroup section */

/* Begin XCBuildConfiguration section */
		3FFE77781A6F089500E309C2 /* Debug */ = {
			isa = XCBuildConfiguration;
			buildSettings = {
				ALWAYS_SEARCH_USER_PATHS = NO;
				CLANG_CXX_LANGUAGE_STANDARD = "gnu++0x";
				CLANG_CXX_LIBRARY = "libc++";
				CLANG_ENABLE_MODULES = YES;
				CLANG_ENABLE_OBJC_ARC = YES;
				CLANG_WARN_BOOL_CONVERSION = YES;
				CLANG_WARN_CONSTANT_CONVERSION = YES;
				CLANG_WARN_DIRECT_OBJC_ISA_USAGE = YES_ERROR;
				CLANG_WARN_EMPTY_BODY = YES;
				CLANG_WARN_ENUM_CONVERSION = YES;
				CLANG_WARN_INT_CONVERSION = YES;
				CLANG_WARN_OBJC_ROOT_CLASS = YES_ERROR;
				CLANG_WARN_UNREACHABLE_CODE = YES;
				CLANG_WARN__DUPLICATE_METHOD_MATCH = YES;
				"CODE_SIGN_IDENTITY[sdk=iphoneos*]" = "iPhone Developer";
				COPY_PHASE_STRIP = NO;
				ENABLE_STRICT_OBJC_MSGSEND = YES;
				GCC_C_LANGUAGE_STANDARD = gnu99;
				GCC_DYNAMIC_NO_PIC = NO;
				GCC_OPTIMIZATION_LEVEL = 0;
				GCC_PREPROCESSOR_DEFINITIONS = (
					"DEBUG=1",
					"$(inherited)",
				);
				GCC_SYMBOLS_PRIVATE_EXTERN = NO;
				GCC_WARN_64_TO_32_BIT_CONVERSION = YES;
				GCC_WARN_ABOUT_RETURN_TYPE = YES_ERROR;
				GCC_WARN_UNDECLARED_SELECTOR = YES;
				GCC_WARN_UNINITIALIZED_AUTOS = YES_AGGRESSIVE;
				GCC_WARN_UNUSED_FUNCTION = YES;
				GCC_WARN_UNUSED_VARIABLE = YES;
				IPHONEOS_DEPLOYMENT_TARGET = 8.1;
				MTL_ENABLE_DEBUG_INFO = YES;
				ONLY_ACTIVE_ARCH = YES;
				SDKROOT = iphoneos;
			};
			name = Debug;
		};
		3FFE77791A6F089500E309C2 /* Release */ = {
			isa = XCBuildConfiguration;
			buildSettings = {
				ALWAYS_SEARCH_USER_PATHS = NO;
				CLANG_CXX_LANGUAGE_STANDARD = "gnu++0x";
				CLANG_CXX_LIBRARY = "libc++";
				CLANG_ENABLE_MODULES = YES;
				CLANG_ENABLE_OBJC_ARC = YES;
				CLANG_WARN_BOOL_CONVERSION = YES;
				CLANG_WARN_CONSTANT_CONVERSION = YES;
				CLANG_WARN_DIRECT_OBJC_ISA_USAGE = YES_ERROR;
				CLANG_WARN_EMPTY_BODY = YES;
				CLANG_WARN_ENUM_CONVERSION = YES;
				CLANG_WARN_INT_CONVERSION = YES;
				CLANG_WARN_OBJC_ROOT_CLASS = YES_ERROR;
				CLANG_WARN_UNREACHABLE_CODE = YES;
				CLANG_WARN__DUPLICATE_METHOD_MATCH = YES;
				"CODE_SIGN_IDENTITY[sdk=iphoneos*]" = "iPhone Developer";
				COPY_PHASE_STRIP = YES;
				ENABLE_NS_ASSERTIONS = NO;
				ENABLE_STRICT_OBJC_MSGSEND = YES;
				GCC_C_LANGUAGE_STANDARD = gnu99;
				GCC_WARN_64_TO_32_BIT_CONVERSION = YES;
				GCC_WARN_ABOUT_RETURN_TYPE = YES_ERROR;
				GCC_WARN_UNDECLARED_SELECTOR = YES;
				GCC_WARN_UNINITIALIZED_AUTOS = YES_AGGRESSIVE;
				GCC_WARN_UNUSED_FUNCTION = YES;
				GCC_WARN_UNUSED_VARIABLE = YES;
				IPHONEOS_DEPLOYMENT_TARGET = 8.1;
				MTL_ENABLE_DEBUG_INFO = NO;
				SDKROOT = iphoneos;
				VALIDATE_PRODUCT = YES;
			};
			name = Release;
		};
		3FFE777B1A6F089500E309C2 /* Debug */ = {
			isa = XCBuildConfiguration;
			buildSettings = {
				ASSETCATALOG_COMPILER_APPICON_NAME = AppIcon;
				INFOPLIST_FILE = surveyApp/Info.plist;
				IPHONEOS_DEPLOYMENT_TARGET = 8.1;
				LD_RUNPATH_SEARCH_PATHS = "$(inherited) @executable_path/Frameworks";
				PRODUCT_NAME = "$(TARGET_NAME)";
			};
			name = Debug;
		};
		3FFE777C1A6F089500E309C2 /* Release */ = {
			isa = XCBuildConfiguration;
			buildSettings = {
				ASSETCATALOG_COMPILER_APPICON_NAME = AppIcon;
				INFOPLIST_FILE = surveyApp/Info.plist;
				IPHONEOS_DEPLOYMENT_TARGET = 8.1;
				LD_RUNPATH_SEARCH_PATHS = "$(inherited) @executable_path/Frameworks";
				PRODUCT_NAME = "$(TARGET_NAME)";
			};
			name = Release;
		};
		3FFE777E1A6F089500E309C2 /* Debug */ = {
			isa = XCBuildConfiguration;
			buildSettings = {
				BUNDLE_LOADER = "$(TEST_HOST)";
				FRAMEWORK_SEARCH_PATHS = (
					"$(SDKROOT)/Developer/Library/Frameworks",
					"$(inherited)",
				);
				GCC_PREPROCESSOR_DEFINITIONS = (
					"DEBUG=1",
					"$(inherited)",
				);
				INFOPLIST_FILE = surveyAppTests/Info.plist;
				LD_RUNPATH_SEARCH_PATHS = "$(inherited) @executable_path/Frameworks @loader_path/Frameworks";
				PRODUCT_NAME = "$(TARGET_NAME)";
				TEST_HOST = "$(BUILT_PRODUCTS_DIR)/surveyApp.app/surveyApp";
			};
			name = Debug;
		};
		3FFE777F1A6F089500E309C2 /* Release */ = {
			isa = XCBuildConfiguration;
			buildSettings = {
				BUNDLE_LOADER = "$(TEST_HOST)";
				FRAMEWORK_SEARCH_PATHS = (
					"$(SDKROOT)/Developer/Library/Frameworks",
					"$(inherited)",
				);
				INFOPLIST_FILE = surveyAppTests/Info.plist;
				LD_RUNPATH_SEARCH_PATHS = "$(inherited) @executable_path/Frameworks @loader_path/Frameworks";
				PRODUCT_NAME = "$(TARGET_NAME)";
				TEST_HOST = "$(BUILT_PRODUCTS_DIR)/surveyApp.app/surveyApp";
			};
			name = Release;
		};
/* End XCBuildConfiguration section */

/* Begin XCConfigurationList section */
		3FFE77521A6F089400E309C2 /* Build configuration list for PBXProject "surveyApp" */ = {
			isa = XCConfigurationList;
			buildConfigurations = (
				3FFE77781A6F089500E309C2 /* Debug */,
				3FFE77791A6F089500E309C2 /* Release */,
			);
			defaultConfigurationIsVisible = 0;
			defaultConfigurationName = Release;
		};
		3FFE777A1A6F089500E309C2 /* Build configuration list for PBXNativeTarget "surveyApp" */ = {
			isa = XCConfigurationList;
			buildConfigurations = (
				3FFE777B1A6F089500E309C2 /* Debug */,
				3FFE777C1A6F089500E309C2 /* Release */,
			);
			defaultConfigurationIsVisible = 0;
		};
		3FFE777D1A6F089500E309C2 /* Build configuration list for PBXNativeTarget "surveyAppTests" */ = {
			isa = XCConfigurationList;
			buildConfigurations = (
				3FFE777E1A6F089500E309C2 /* Debug */,
				3FFE777F1A6F089500E309C2 /* Release */,
			);
			defaultConfigurationIsVisible = 0;
		};
/* End XCConfigurationList section */
	};
	rootObject = 3FFE774F1A6F089400E309C2 /* Project object */;
}
